
Microsoft Visual Studio Solution File, Format Version 10.00
# Visual Studio 2008
Project("{FAE04EC0-301F-11D3-BF4B-00C04F79EFBC}") = "cloudb", "cloudb\cloudb.csproj", "{A18511ED-5BA6-4811-B44F-F730FAD84CE8}"
EndProject
Project("{FAE04EC0-301F-11D3-BF4B-00C04F79EFBC}") = "cloudb-nunit", "cloudb-nunit\cloudb-nunit.csproj", "{05D455D6-1EA4-4C27-A4F2-797A518FE00A}"
EndProject
Project("{FAE04EC0-301F-11D3-BF4B-00C04F79EFBC}") = "cloudb-log4net", "cloudb-log4net\cloudb-log4net.csproj", "{70D79060-3F5A-4CF4-A8F0-6B83F364BED8}"
EndProject
Project("{FAE04EC0-301F-11D3-BF4B-00C04F79EFBC}") = "mnode", "mnode\mnode.csproj", "{25723CF3-678A-4596-BD05-1B0DB2DED301}"
EndProject
Project("{FAE04EC0-301F-11D3-BF4B-00C04F79EFBC}") = "cadmin", "cadmin\cadmin.csproj", "{565F703F-AE85-4414-96D6-663BF78613C2}"
EndProject
Project("{FAE04EC0-301F-11D3-BF4B-00C04F79EFBC}") = "cloudbase", "cloudbase\cloudbase.csproj", "{A2099A92-DA13-4440-B2F9-7890750E0E70}"
EndProject
Project("{FAE04EC0-301F-11D3-BF4B-00C04F79EFBC}") = "cloudb-node", "cloudb-node\cloudb-node.csproj", "{D38938F4-9CC6-49DB-BBF8-F6A1D7C36853}"
EndProject
Project("{FAE04EC0-301F-11D3-BF4B-00C04F79EFBC}") = "cloudb-filedb", "cloudb-filedb\cloudb-filedb.csproj", "{FC3381E7-FC31-49C9-AA38-B3B55A2212AA}"
EndProject
Project("{FAE04EC0-301F-11D3-BF4B-00C04F79EFBC}") = "cloudb-filedb-test", "cloudb-filedb-test\cloudb-filedb-test.csproj", "{1F5807F4-49F6-4B94-879A-6EDC4FA768DD}"
EndProject
Project("{FAE04EC0-301F-11D3-BF4B-00C04F79EFBC}") = "cloudb-console", "cloudb-console\cloudb-console.csproj", "{3A977686-B7AD-43E5-9E58-E52ABB520DBD}"
EndProject
Project("{FAE04EC0-301F-11D3-BF4B-00C04F79EFBC}") = "network-test", "network-test\network-test.csproj", "{0BEAE765-3CB2-424F-A35A-A17E6CFE76E0}"
EndProject
Global
	GlobalSection(SolutionConfigurationPlatforms) = preSolution
		Debug|Any CPU = Debug|Any CPU
		Debug|Mixed Platforms = Debug|Mixed Platforms
		Debug|x86 = Debug|x86
		Release|Any CPU = Release|Any CPU
		Release|Mixed Platforms = Release|Mixed Platforms
		Release|x86 = Release|x86
	EndGlobalSection
	GlobalSection(ProjectConfigurationPlatforms) = postSolution
		{A18511ED-5BA6-4811-B44F-F730FAD84CE8}.Debug|Any CPU.ActiveCfg = Debug|Any CPU
		{A18511ED-5BA6-4811-B44F-F730FAD84CE8}.Debug|Any CPU.Build.0 = Debug|Any CPU
		{A18511ED-5BA6-4811-B44F-F730FAD84CE8}.Debug|Mixed Platforms.ActiveCfg = Debug|Any CPU
		{A18511ED-5BA6-4811-B44F-F730FAD84CE8}.Debug|x86.ActiveCfg = Debug|Any CPU
		{A18511ED-5BA6-4811-B44F-F730FAD84CE8}.Release|Any CPU.ActiveCfg = Release|Any CPU
		{A18511ED-5BA6-4811-B44F-F730FAD84CE8}.Release|Any CPU.Build.0 = Release|Any CPU
		{A18511ED-5BA6-4811-B44F-F730FAD84CE8}.Release|Mixed Platforms.ActiveCfg = Release|Any CPU
		{A18511ED-5BA6-4811-B44F-F730FAD84CE8}.Release|x86.ActiveCfg = Release|Any CPU
		{05D455D6-1EA4-4C27-A4F2-797A518FE00A}.Debug|Any CPU.ActiveCfg = Debug|Any CPU
		{05D455D6-1EA4-4C27-A4F2-797A518FE00A}.Debug|Any CPU.Build.0 = Debug|Any CPU
		{05D455D6-1EA4-4C27-A4F2-797A518FE00A}.Debug|Mixed Platforms.ActiveCfg = Debug|Any CPU
		{05D455D6-1EA4-4C27-A4F2-797A518FE00A}.Debug|x86.ActiveCfg = Debug|Any CPU
		{05D455D6-1EA4-4C27-A4F2-797A518FE00A}.Release|Any CPU.ActiveCfg = Release|Any CPU
		{05D455D6-1EA4-4C27-A4F2-797A518FE00A}.Release|Any CPU.Build.0 = Release|Any CPU
		{05D455D6-1EA4-4C27-A4F2-797A518FE00A}.Release|Mixed Platforms.ActiveCfg = Release|Any CPU
		{05D455D6-1EA4-4C27-A4F2-797A518FE00A}.Release|x86.ActiveCfg = Release|Any CPU
		{70D79060-3F5A-4CF4-A8F0-6B83F364BED8}.Debug|Any CPU.ActiveCfg = Debug|Any CPU
		{70D79060-3F5A-4CF4-A8F0-6B83F364BED8}.Debug|Mixed Platforms.ActiveCfg = Debug|Any CPU
		{70D79060-3F5A-4CF4-A8F0-6B83F364BED8}.Debug|x86.ActiveCfg = Debug|Any CPU
		{70D79060-3F5A-4CF4-A8F0-6B83F364BED8}.Release|Any CPU.ActiveCfg = Release|Any CPU
		{70D79060-3F5A-4CF4-A8F0-6B83F364BED8}.Release|Mixed Platforms.ActiveCfg = Release|Any CPU
		{70D79060-3F5A-4CF4-A8F0-6B83F364BED8}.Release|x86.ActiveCfg = Release|Any CPU
		{25723CF3-678A-4596-BD05-1B0DB2DED301}.Debug|Any CPU.ActiveCfg = Debug|x86
		{25723CF3-678A-4596-BD05-1B0DB2DED301}.Debug|Mixed Platforms.ActiveCfg = Debug|x86
		{25723CF3-678A-4596-BD05-1B0DB2DED301}.Debug|x86.ActiveCfg = Debug|x86
		{25723CF3-678A-4596-BD05-1B0DB2DED301}.Release|Any CPU.ActiveCfg = Release|x86
		{25723CF3-678A-4596-BD05-1B0DB2DED301}.Release|Mixed Platforms.ActiveCfg = Release|x86
		{25723CF3-678A-4596-BD05-1B0DB2DED301}.Release|x86.ActiveCfg = Release|x86
		{565F703F-AE85-4414-96D6-663BF78613C2}.Debug|Any CPU.ActiveCfg = Debug|Any CPU
		{565F703F-AE85-4414-96D6-663BF78613C2}.Debug|Mixed Platforms.ActiveCfg = Debug|Any CPU
		{565F703F-AE85-4414-96D6-663BF78613C2}.Debug|x86.ActiveCfg = Debug|Any CPU
		{565F703F-AE85-4414-96D6-663BF78613C2}.Release|Any CPU.ActiveCfg = Release|Any CPU
		{565F703F-AE85-4414-96D6-663BF78613C2}.Release|Mixed Platforms.ActiveCfg = Release|Any CPU
		{565F703F-AE85-4414-96D6-663BF78613C2}.Release|x86.ActiveCfg = Release|Any CPU
		{A2099A92-DA13-4440-B2F9-7890750E0E70}.Debug|Any CPU.ActiveCfg = Debug|Any CPU
		{A2099A92-DA13-4440-B2F9-7890750E0E70}.Debug|Mixed Platforms.ActiveCfg = Debug|Any CPU
		{A2099A92-DA13-4440-B2F9-7890750E0E70}.Debug|x86.ActiveCfg = Debug|Any CPU
		{A2099A92-DA13-4440-B2F9-7890750E0E70}.Release|Any CPU.ActiveCfg = Release|Any CPU
		{A2099A92-DA13-4440-B2F9-7890750E0E70}.Release|Mixed Platforms.ActiveCfg = Release|Any CPU
		{A2099A92-DA13-4440-B2F9-7890750E0E70}.Release|x86.ActiveCfg = Release|Any CPU
		{D38938F4-9CC6-49DB-BBF8-F6A1D7C36853}.Debug|Any CPU.ActiveCfg = Debug|Any CPU
		{D38938F4-9CC6-49DB-BBF8-F6A1D7C36853}.Debug|Any CPU.Build.0 = Debug|Any CPU
		{D38938F4-9CC6-49DB-BBF8-F6A1D7C36853}.Debug|Mixed Platforms.ActiveCfg = Debug|Any CPU
		{D38938F4-9CC6-49DB-BBF8-F6A1D7C36853}.Debug|x86.ActiveCfg = Debug|Any CPU
		{D38938F4-9CC6-49DB-BBF8-F6A1D7C36853}.Release|Any CPU.ActiveCfg = Release|Any CPU
		{D38938F4-9CC6-49DB-BBF8-F6A1D7C36853}.Release|Any CPU.Build.0 = Release|Any CPU
		{D38938F4-9CC6-49DB-BBF8-F6A1D7C36853}.Release|Mixed Platforms.ActiveCfg = Release|Any CPU
		{D38938F4-9CC6-49DB-BBF8-F6A1D7C36853}.Release|x86.ActiveCfg = Release|Any CPU
		{FC3381E7-FC31-49C9-AA38-B3B55A2212AA}.Debug|Any CPU.ActiveCfg = Debug|Any CPU
		{FC3381E7-FC31-49C9-AA38-B3B55A2212AA}.Debug|Any CPU.Build.0 = Debug|Any CPU
		{FC3381E7-FC31-49C9-AA38-B3B55A2212AA}.Debug|Mixed Platforms.ActiveCfg = Debug|Any CPU
		{FC3381E7-FC31-49C9-AA38-B3B55A2212AA}.Debug|x86.ActiveCfg = Debug|Any CPU
		{FC3381E7-FC31-49C9-AA38-B3B55A2212AA}.Release|Any CPU.ActiveCfg = Release|Any CPU
		{FC3381E7-FC31-49C9-AA38-B3B55A2212AA}.Release|Any CPU.Build.0 = Release|Any CPU
		{FC3381E7-FC31-49C9-AA38-B3B55A2212AA}.Release|Mixed Platforms.ActiveCfg = Release|Any CPU
		{FC3381E7-FC31-49C9-AA38-B3B55A2212AA}.Release|x86.ActiveCfg = Release|Any CPU
		{1F5807F4-49F6-4B94-879A-6EDC4FA768DD}.Debug|Any CPU.ActiveCfg = Debug|Any CPU
		{1F5807F4-49F6-4B94-879A-6EDC4FA768DD}.Debug|Any CPU.Build.0 = Debug|Any CPU
		{1F5807F4-49F6-4B94-879A-6EDC4FA768DD}.Debug|Mixed Platforms.ActiveCfg = Debug|Any CPU
		{1F5807F4-49F6-4B94-879A-6EDC4FA768DD}.Debug|x86.ActiveCfg = Debug|Any CPU
		{1F5807F4-49F6-4B94-879A-6EDC4FA768DD}.Release|Any CPU.ActiveCfg = Release|Any CPU
		{1F5807F4-49F6-4B94-879A-6EDC4FA768DD}.Release|Any CPU.Build.0 = Release|Any CPU
		{1F5807F4-49F6-4B94-879A-6EDC4FA768DD}.Release|Mixed Platforms.ActiveCfg = Release|Any CPU
		{1F5807F4-49F6-4B94-879A-6EDC4FA768DD}.Release|x86.ActiveCfg = Release|Any CPU
		{3A977686-B7AD-43E5-9E58-E52ABB520DBD}.Debug|Any CPU.ActiveCfg = Debug|Any CPU
		{3A977686-B7AD-43E5-9E58-E52ABB520DBD}.Debug|Any CPU.Build.0 = Debug|Any CPU
		{3A977686-B7AD-43E5-9E58-E52ABB520DBD}.Debug|Mixed Platforms.ActiveCfg = Debug|Any CPU
		{3A977686-B7AD-43E5-9E58-E52ABB520DBD}.Debug|x86.ActiveCfg = Debug|Any CPU
		{3A977686-B7AD-43E5-9E58-E52ABB520DBD}.Release|Any CPU.ActiveCfg = Release|Any CPU
		{3A977686-B7AD-43E5-9E58-E52ABB520DBD}.Release|Any CPU.Build.0 = Release|Any CPU
		{3A977686-B7AD-43E5-9E58-E52ABB520DBD}.Release|Mixed Platforms.ActiveCfg = Release|Any CPU
		{3A977686-B7AD-43E5-9E58-E52ABB520DBD}.Release|x86.ActiveCfg = Release|Any CPU
		{0BEAE765-3CB2-424F-A35A-A17E6CFE76E0}.Debug|Any CPU.ActiveCfg = Debug|Any CPU
		{0BEAE765-3CB2-424F-A35A-A17E6CFE76E0}.Debug|Any CPU.Build.0 = Debug|Any CPU
		{0BEAE765-3CB2-424F-A35A-A17E6CFE76E0}.Debug|Mixed Platforms.ActiveCfg = Debug|Any CPU
		{0BEAE765-3CB2-424F-A35A-A17E6CFE76E0}.Debug|x86.ActiveCfg = Debug|Any CPU
		{0BEAE765-3CB2-424F-A35A-A17E6CFE76E0}.Release|Any CPU.ActiveCfg = Release|Any CPU
		{0BEAE765-3CB2-424F-A35A-A17E6CFE76E0}.Release|Any CPU.Build.0 = Release|Any CPU
		{0BEAE765-3CB2-424F-A35A-A17E6CFE76E0}.Release|Mixed Platforms.ActiveCfg = Release|Any CPU
		{0BEAE765-3CB2-424F-A35A-A17E6CFE76E0}.Release|x86.ActiveCfg = Release|Any CPU
	EndGlobalSection
	GlobalSection(SolutionProperties) = preSolution
		HideSolutionNode = FALSE
	EndGlobalSection
EndGlobal
