
Microsoft Visual Studio Solution File, Format Version 10.00
# Visual Studio 2008
Project("{FAE04EC0-301F-11D3-BF4B-00C04F79EFBC}") = "cloudb", "cloudb\cloudb.csproj", "{A18511ED-5BA6-4811-B44F-F730FAD84CE8}"
EndProject
Project("{FAE04EC0-301F-11D3-BF4B-00C04F79EFBC}") = "cadmin", "cadmin\cadmin.csproj", "{565F703F-AE85-4414-96D6-663BF78613C2}"
EndProject
Project("{FAE04EC0-301F-11D3-BF4B-00C04F79EFBC}") = "cloudb-nunit", "cloudb-nunit\cloudb-nunit.csproj", "{05D455D6-1EA4-4C27-A4F2-797A518FE00A}"
EndProject
Project("{FAE04EC0-301F-11D3-BF4B-00C04F79EFBC}") = "mnode", "mnode\mnode.csproj", "{25723CF3-678A-4596-BD05-1B0DB2DED301}"
EndProject
Project("{FAE04EC0-301F-11D3-BF4B-00C04F79EFBC}") = "mnode.unix", "mnode\mnode.unix.csproj", "{25723CF3-678A-4596-BD05-1B0DB2DED301}"
EndProject
Global
	GlobalSection(SolutionConfigurationPlatforms) = preSolution
		Debug|Any CPU = Debug|Any CPU
		Release|Any CPU = Release|Any CPU
		Debug.Unix|Any CPU = Debug.Unix|Any CPU
		Default|Any CPU = Default|Any CPU
		Debug|x86 = Debug|x86
		Release|x86 = Release|x86
	EndGlobalSection
	GlobalSection(ProjectConfigurationPlatforms) = postSolution
		{05D455D6-1EA4-4C27-A4F2-797A518FE00A}.Debug|Any CPU.ActiveCfg = Debug|Any CPU
		{05D455D6-1EA4-4C27-A4F2-797A518FE00A}.Debug|Any CPU.Build.0 = Debug|Any CPU
		{05D455D6-1EA4-4C27-A4F2-797A518FE00A}.Release|Any CPU.ActiveCfg = Release|Any CPU
		{05D455D6-1EA4-4C27-A4F2-797A518FE00A}.Release|Any CPU.Build.0 = Release|Any CPU
		{25723CF3-678A-4596-BD05-1B0DB2DED301}.Debug.Unix|Any CPU.ActiveCfg = Debug.Unix|Any CPU
		{25723CF3-678A-4596-BD05-1B0DB2DED301}.Debug.Unix|Any CPU.ActiveCfg = Debug.Unix|Any CPU
		{25723CF3-678A-4596-BD05-1B0DB2DED301}.Debug.Unix|Any CPU.Build.0 = Debug.Unix|Any CPU
		{25723CF3-678A-4596-BD05-1B0DB2DED301}.Debug.Unix|Any CPU.Build.0 = Debug.Unix|Any CPU
		{25723CF3-678A-4596-BD05-1B0DB2DED301}.Debug|Any CPU.ActiveCfg = Debug|Any CPU
		{25723CF3-678A-4596-BD05-1B0DB2DED301}.Debug|Any CPU.ActiveCfg = Debug|x86
		{25723CF3-678A-4596-BD05-1B0DB2DED301}.Debug|Any CPU.Build.0 = Debug|Any CPU
		{25723CF3-678A-4596-BD05-1B0DB2DED301}.Debug|Any CPU.Build.0 = Debug|x86
		{25723CF3-678A-4596-BD05-1B0DB2DED301}.Debug|x86.ActiveCfg = Debug|x86
		{25723CF3-678A-4596-BD05-1B0DB2DED301}.Debug|x86.Build.0 = Debug|x86
		{25723CF3-678A-4596-BD05-1B0DB2DED301}.Default|Any CPU.ActiveCfg = Debug|x86
		{25723CF3-678A-4596-BD05-1B0DB2DED301}.Default|Any CPU.Build.0 = Debug|x86
		{25723CF3-678A-4596-BD05-1B0DB2DED301}.Release|Any CPU.ActiveCfg = Release|Any CPU
		{25723CF3-678A-4596-BD05-1B0DB2DED301}.Release|Any CPU.ActiveCfg = Release|x86
		{25723CF3-678A-4596-BD05-1B0DB2DED301}.Release|Any CPU.Build.0 = Release|Any CPU
		{25723CF3-678A-4596-BD05-1B0DB2DED301}.Release|Any CPU.Build.0 = Release|x86
		{25723CF3-678A-4596-BD05-1B0DB2DED301}.Release|x86.ActiveCfg = Release|x86
		{25723CF3-678A-4596-BD05-1B0DB2DED301}.Release|x86.Build.0 = Release|x86
		{565F703F-AE85-4414-96D6-663BF78613C2}.Debug|Any CPU.ActiveCfg = Debug|Any CPU
		{565F703F-AE85-4414-96D6-663BF78613C2}.Debug|Any CPU.Build.0 = Debug|Any CPU
		{565F703F-AE85-4414-96D6-663BF78613C2}.Release|Any CPU.ActiveCfg = Release|Any CPU
		{565F703F-AE85-4414-96D6-663BF78613C2}.Release|Any CPU.Build.0 = Release|Any CPU
		{A18511ED-5BA6-4811-B44F-F730FAD84CE8}.Debug|Any CPU.ActiveCfg = Debug|Any CPU
		{A18511ED-5BA6-4811-B44F-F730FAD84CE8}.Debug|Any CPU.Build.0 = Debug|Any CPU
		{A18511ED-5BA6-4811-B44F-F730FAD84CE8}.Release|Any CPU.ActiveCfg = Release|Any CPU
		{A18511ED-5BA6-4811-B44F-F730FAD84CE8}.Release|Any CPU.Build.0 = Release|Any CPU
	EndGlobalSection
	GlobalSection(MonoDevelopProperties) = preSolution
		StartupItem = cloudb\cloudb.csproj
		Policies = $0
		$0.StandardHeader = $1
		$1.inheritsSet = LGPLv3License
		$0.VersionControlPolicy = $2
		$2.inheritsSet = Mono
	EndGlobalSection
EndGlobal
