
Microsoft Visual Studio Solution File, Format Version 11.00
# Visual Studio 2010
Project("{2150E333-8FDC-42A3-9474-1A3956D46DE8}") = "nant", "nant", "{A1B48D81-68A3-4594-B779-F3C06BD5DC3F}"
	ProjectSection(SolutionItems) = preProject
		common.build = common.build
		package.build = package.build
	EndProjectSection
EndProject
Project("{FAE04EC0-301F-11D3-BF4B-00C04F79EFBC}") = "cloudb.vs2010", "cloudb\cloudb.vs2010.csproj", "{A18511ED-5BA6-4811-B44F-F730FAD84CE8}"
EndProject
Project("{FAE04EC0-301F-11D3-BF4B-00C04F79EFBC}") = "mnode.vs2010", "mnode\mnode.vs2010.csproj", "{E49F2ED4-E772-4BCD-8C60-7EBC0DBBD69C}"
EndProject
Project("{FAE04EC0-301F-11D3-BF4B-00C04F79EFBC}") = "cadmin.vs2010", "cadmin\cadmin.vs2010.csproj", "{4A3AFA6E-1390-43D6-949D-45E9AE8A7ADB}"
EndProject
Project("{FAE04EC0-301F-11D3-BF4B-00C04F79EFBC}") = "cloudb-nunit.vs2010", "cloudb-nunit\cloudb-nunit.vs2010.csproj", "{05D455D6-1EA4-4C27-A4F2-797A518FE00A}"
EndProject
Project("{FAE04EC0-301F-11D3-BF4B-00C04F79EFBC}") = "cloudbase.vs2010", "cloudbase\cloudbase.vs2010.csproj", "{D6BFD98D-8803-4139-A7F7-6B4FB58EC327}"
EndProject
Project("{FAE04EC0-301F-11D3-BF4B-00C04F79EFBC}") = "cloudb.service.vs2010", "cloudb.service\cloudb.service.vs2010.csproj", "{682FA6A5-8786-4B75-BC04-DF35267D80DE}"
EndProject
Project("{FAE04EC0-301F-11D3-BF4B-00C04F79EFBC}") = "cloudbase-nunit.vs2010", "cloudbase-nunit\cloudbase-nunit.vs2010.csproj", "{FCA98A1D-E2D7-462D-87A7-EE489E4D8D1D}"
EndProject
Global
	GlobalSection(SolutionConfigurationPlatforms) = preSolution
		Debug|Any CPU = Debug|Any CPU
		Release|Any CPU = Release|Any CPU
	EndGlobalSection
	GlobalSection(ProjectConfigurationPlatforms) = postSolution
		{A18511ED-5BA6-4811-B44F-F730FAD84CE8}.Debug|Any CPU.ActiveCfg = Debug|Any CPU
		{A18511ED-5BA6-4811-B44F-F730FAD84CE8}.Debug|Any CPU.Build.0 = Debug|Any CPU
		{A18511ED-5BA6-4811-B44F-F730FAD84CE8}.Release|Any CPU.ActiveCfg = Release|Any CPU
		{A18511ED-5BA6-4811-B44F-F730FAD84CE8}.Release|Any CPU.Build.0 = Release|Any CPU
		{E49F2ED4-E772-4BCD-8C60-7EBC0DBBD69C}.Debug|Any CPU.ActiveCfg = Debug|Any CPU
		{E49F2ED4-E772-4BCD-8C60-7EBC0DBBD69C}.Debug|Any CPU.Build.0 = Debug|Any CPU
		{E49F2ED4-E772-4BCD-8C60-7EBC0DBBD69C}.Release|Any CPU.ActiveCfg = Release|Any CPU
		{E49F2ED4-E772-4BCD-8C60-7EBC0DBBD69C}.Release|Any CPU.Build.0 = Release|Any CPU
		{4A3AFA6E-1390-43D6-949D-45E9AE8A7ADB}.Debug|Any CPU.ActiveCfg = Debug|Any CPU
		{4A3AFA6E-1390-43D6-949D-45E9AE8A7ADB}.Debug|Any CPU.Build.0 = Debug|Any CPU
		{4A3AFA6E-1390-43D6-949D-45E9AE8A7ADB}.Release|Any CPU.ActiveCfg = Release|Any CPU
		{4A3AFA6E-1390-43D6-949D-45E9AE8A7ADB}.Release|Any CPU.Build.0 = Release|Any CPU
		{05D455D6-1EA4-4C27-A4F2-797A518FE00A}.Debug|Any CPU.ActiveCfg = Debug|Any CPU
		{05D455D6-1EA4-4C27-A4F2-797A518FE00A}.Debug|Any CPU.Build.0 = Debug|Any CPU
		{05D455D6-1EA4-4C27-A4F2-797A518FE00A}.Release|Any CPU.ActiveCfg = Release|Any CPU
		{05D455D6-1EA4-4C27-A4F2-797A518FE00A}.Release|Any CPU.Build.0 = Release|Any CPU
		{D6BFD98D-8803-4139-A7F7-6B4FB58EC327}.Debug|Any CPU.ActiveCfg = Debug|Any CPU
		{D6BFD98D-8803-4139-A7F7-6B4FB58EC327}.Debug|Any CPU.Build.0 = Debug|Any CPU
		{D6BFD98D-8803-4139-A7F7-6B4FB58EC327}.Release|Any CPU.ActiveCfg = Release|Any CPU
		{D6BFD98D-8803-4139-A7F7-6B4FB58EC327}.Release|Any CPU.Build.0 = Release|Any CPU
		{682FA6A5-8786-4B75-BC04-DF35267D80DE}.Debug|Any CPU.ActiveCfg = Debug|Any CPU
		{682FA6A5-8786-4B75-BC04-DF35267D80DE}.Debug|Any CPU.Build.0 = Debug|Any CPU
		{682FA6A5-8786-4B75-BC04-DF35267D80DE}.Release|Any CPU.ActiveCfg = Release|Any CPU
		{682FA6A5-8786-4B75-BC04-DF35267D80DE}.Release|Any CPU.Build.0 = Release|Any CPU
		{FCA98A1D-E2D7-462D-87A7-EE489E4D8D1D}.Debug|Any CPU.ActiveCfg = Debug|Any CPU
		{FCA98A1D-E2D7-462D-87A7-EE489E4D8D1D}.Debug|Any CPU.Build.0 = Debug|Any CPU
		{FCA98A1D-E2D7-462D-87A7-EE489E4D8D1D}.Release|Any CPU.ActiveCfg = Release|Any CPU
		{FCA98A1D-E2D7-462D-87A7-EE489E4D8D1D}.Release|Any CPU.Build.0 = Release|Any CPU
	EndGlobalSection
	GlobalSection(SolutionProperties) = preSolution
		HideSolutionNode = FALSE
	EndGlobalSection
EndGlobal
