
Microsoft Visual Studio Solution File, Format Version 11.00
# Visual Studio 2010
Project("{FAE04EC0-301F-11D3-BF4B-00C04F79EFBC}") = "cloudb", "cloudb\cloudb.csproj", "{A18511ED-5BA6-4811-B44F-F730FAD84CE8}"
EndProject
Project("{FAE04EC0-301F-11D3-BF4B-00C04F79EFBC}") = "cloudb-nunit", "cloudb-nunit\cloudb-nunit.csproj", "{05D455D6-1EA4-4C27-A4F2-797A518FE00A}"
EndProject
Project("{FAE04EC0-301F-11D3-BF4B-00C04F79EFBC}") = "cadmin", "cadmin\cadmin.csproj", "{4A3AFA6E-1390-43D6-949D-45E9AE8A7ADB}"
EndProject
Project("{FAE04EC0-301F-11D3-BF4B-00C04F79EFBC}") = "mnode", "mnode\mnode.csproj", "{29697B99-D32F-4974-8C74-6895101A0B85}"
EndProject
Global
	GlobalSection(SolutionConfigurationPlatforms) = preSolution
		Debug|Any CPU = Debug|Any CPU
		Debug|Mixed Platforms = Debug|Mixed Platforms
		Debug|x86 = Debug|x86
		Release|Any CPU = Release|Any CPU
		Release|Mixed Platforms = Release|Mixed Platforms
		Release|x86 = Release|x86
	EndGlobalSection
	GlobalSection(ProjectConfigurationPlatforms) = postSolution
		{A18511ED-5BA6-4811-B44F-F730FAD84CE8}.Debug|Any CPU.ActiveCfg = Debug|Any CPU
		{A18511ED-5BA6-4811-B44F-F730FAD84CE8}.Debug|Any CPU.Build.0 = Debug|Any CPU
		{A18511ED-5BA6-4811-B44F-F730FAD84CE8}.Debug|Mixed Platforms.ActiveCfg = Debug|Any CPU
		{A18511ED-5BA6-4811-B44F-F730FAD84CE8}.Debug|Mixed Platforms.Build.0 = Debug|Any CPU
		{A18511ED-5BA6-4811-B44F-F730FAD84CE8}.Debug|x86.ActiveCfg = Debug|Any CPU
		{A18511ED-5BA6-4811-B44F-F730FAD84CE8}.Release|Any CPU.ActiveCfg = Release|Any CPU
		{A18511ED-5BA6-4811-B44F-F730FAD84CE8}.Release|Any CPU.Build.0 = Release|Any CPU
		{A18511ED-5BA6-4811-B44F-F730FAD84CE8}.Release|Mixed Platforms.ActiveCfg = Release|Any CPU
		{A18511ED-5BA6-4811-B44F-F730FAD84CE8}.Release|Mixed Platforms.Build.0 = Release|Any CPU
		{A18511ED-5BA6-4811-B44F-F730FAD84CE8}.Release|x86.ActiveCfg = Release|Any CPU
		{05D455D6-1EA4-4C27-A4F2-797A518FE00A}.Debug|Any CPU.ActiveCfg = Debug|Any CPU
		{05D455D6-1EA4-4C27-A4F2-797A518FE00A}.Debug|Any CPU.Build.0 = Debug|Any CPU
		{05D455D6-1EA4-4C27-A4F2-797A518FE00A}.Debug|Mixed Platforms.ActiveCfg = Debug|Any CPU
		{05D455D6-1EA4-4C27-A4F2-797A518FE00A}.Debug|Mixed Platforms.Build.0 = Debug|Any CPU
		{05D455D6-1EA4-4C27-A4F2-797A518FE00A}.Debug|x86.ActiveCfg = Debug|Any CPU
		{05D455D6-1EA4-4C27-A4F2-797A518FE00A}.Release|Any CPU.ActiveCfg = Release|Any CPU
		{05D455D6-1EA4-4C27-A4F2-797A518FE00A}.Release|Any CPU.Build.0 = Release|Any CPU
		{05D455D6-1EA4-4C27-A4F2-797A518FE00A}.Release|Mixed Platforms.ActiveCfg = Release|Any CPU
		{05D455D6-1EA4-4C27-A4F2-797A518FE00A}.Release|Mixed Platforms.Build.0 = Release|Any CPU
		{05D455D6-1EA4-4C27-A4F2-797A518FE00A}.Release|x86.ActiveCfg = Release|Any CPU
		{4A3AFA6E-1390-43D6-949D-45E9AE8A7ADB}.Debug|Any CPU.ActiveCfg = Debug|Any CPU
		{4A3AFA6E-1390-43D6-949D-45E9AE8A7ADB}.Debug|Mixed Platforms.ActiveCfg = Debug|x86
		{4A3AFA6E-1390-43D6-949D-45E9AE8A7ADB}.Debug|Mixed Platforms.Build.0 = Debug|x86
		{4A3AFA6E-1390-43D6-949D-45E9AE8A7ADB}.Debug|x86.ActiveCfg = Debug|x86
		{4A3AFA6E-1390-43D6-949D-45E9AE8A7ADB}.Debug|x86.Build.0 = Debug|x86
		{4A3AFA6E-1390-43D6-949D-45E9AE8A7ADB}.Release|Any CPU.ActiveCfg = Release|x86
		{4A3AFA6E-1390-43D6-949D-45E9AE8A7ADB}.Release|Mixed Platforms.ActiveCfg = Release|x86
		{4A3AFA6E-1390-43D6-949D-45E9AE8A7ADB}.Release|Mixed Platforms.Build.0 = Release|x86
		{4A3AFA6E-1390-43D6-949D-45E9AE8A7ADB}.Release|x86.ActiveCfg = Release|x86
		{4A3AFA6E-1390-43D6-949D-45E9AE8A7ADB}.Release|x86.Build.0 = Release|x86
		{29697B99-D32F-4974-8C74-6895101A0B85}.Debug|Any CPU.ActiveCfg = Debug|Any CPU
		{29697B99-D32F-4974-8C74-6895101A0B85}.Debug|Any CPU.Build.0 = Debug|Any CPU
		{29697B99-D32F-4974-8C74-6895101A0B85}.Debug|Mixed Platforms.ActiveCfg = Debug|Any CPU
		{29697B99-D32F-4974-8C74-6895101A0B85}.Debug|Mixed Platforms.Build.0 = Debug|Any CPU
		{29697B99-D32F-4974-8C74-6895101A0B85}.Debug|x86.ActiveCfg = Debug|x86
		{29697B99-D32F-4974-8C74-6895101A0B85}.Debug|x86.Build.0 = Debug|x86
		{29697B99-D32F-4974-8C74-6895101A0B85}.Release|Any CPU.ActiveCfg = Release|Any CPU
		{29697B99-D32F-4974-8C74-6895101A0B85}.Release|Any CPU.Build.0 = Release|Any CPU
		{29697B99-D32F-4974-8C74-6895101A0B85}.Release|Mixed Platforms.ActiveCfg = Release|Any CPU
		{29697B99-D32F-4974-8C74-6895101A0B85}.Release|Mixed Platforms.Build.0 = Release|Any CPU
		{29697B99-D32F-4974-8C74-6895101A0B85}.Release|x86.ActiveCfg = Release|x86
		{29697B99-D32F-4974-8C74-6895101A0B85}.Release|x86.Build.0 = Release|x86
	EndGlobalSection
	GlobalSection(SolutionProperties) = preSolution
		HideSolutionNode = FALSE
	EndGlobalSection
EndGlobal
