
Microsoft Visual Studio Solution File, Format Version 10.00
# Visual Studio 2008
Project("{FAE04EC0-301F-11D3-BF4B-00C04F79EFBC}") = "cloudb.md", "cloudb\cloudb.md.csproj", "{FBBBAA7B-6BBD-4D82-98DA-27924D49CCEE}"
EndProject
Project("{FAE04EC0-301F-11D3-BF4B-00C04F79EFBC}") = "mnode.md", "mnode\mnode.md.csproj", "{535F1F88-6804-4200-96C5-093DC4DBE0C7}"
EndProject
Project("{FAE04EC0-301F-11D3-BF4B-00C04F79EFBC}") = "cadmin.md", "cadmin\cadmin.md.csproj", "{04082FB5-DA0A-49F8-AD2B-A6F3F38C602A}"
EndProject
Project("{FAE04EC0-301F-11D3-BF4B-00C04F79EFBC}") = "cloudb-log4net.md", "cloudb-log4net\cloudb-log4net.md.csproj", "{4CBA744E-10C4-49D7-B929-2B50D71D95CE}"
EndProject
Project("{FAE04EC0-301F-11D3-BF4B-00C04F79EFBC}") = "cloudb-nunit.md", "cloudb-nunit\cloudb-nunit.md.csproj", "{FF409965-40F3-492D-A488-FEF488DD510D}"
EndProject
Global
	GlobalSection(SolutionConfigurationPlatforms) = preSolution
		Debug|x86 = Debug|x86
		Release|x86 = Release|x86
	EndGlobalSection
	GlobalSection(ProjectConfigurationPlatforms) = postSolution
		{04082FB5-DA0A-49F8-AD2B-A6F3F38C602A}.Debug|x86.ActiveCfg = Debug|x86
		{04082FB5-DA0A-49F8-AD2B-A6F3F38C602A}.Debug|x86.Build.0 = Debug|x86
		{04082FB5-DA0A-49F8-AD2B-A6F3F38C602A}.Release|x86.ActiveCfg = Release|x86
		{04082FB5-DA0A-49F8-AD2B-A6F3F38C602A}.Release|x86.Build.0 = Release|x86
		{4CBA744E-10C4-49D7-B929-2B50D71D95CE}.Debug|x86.ActiveCfg = Debug|x86
		{4CBA744E-10C4-49D7-B929-2B50D71D95CE}.Debug|x86.Build.0 = Debug|x86
		{4CBA744E-10C4-49D7-B929-2B50D71D95CE}.Release|x86.ActiveCfg = Release|x86
		{4CBA744E-10C4-49D7-B929-2B50D71D95CE}.Release|x86.Build.0 = Release|x86
		{535F1F88-6804-4200-96C5-093DC4DBE0C7}.Debug|x86.ActiveCfg = Debug|x86
		{535F1F88-6804-4200-96C5-093DC4DBE0C7}.Debug|x86.Build.0 = Debug|x86
		{535F1F88-6804-4200-96C5-093DC4DBE0C7}.Release|x86.ActiveCfg = Release|x86
		{535F1F88-6804-4200-96C5-093DC4DBE0C7}.Release|x86.Build.0 = Release|x86
		{FBBBAA7B-6BBD-4D82-98DA-27924D49CCEE}.Debug|x86.ActiveCfg = Debug|x86
		{FBBBAA7B-6BBD-4D82-98DA-27924D49CCEE}.Debug|x86.Build.0 = Debug|x86
		{FBBBAA7B-6BBD-4D82-98DA-27924D49CCEE}.Release|x86.ActiveCfg = Release|x86
		{FBBBAA7B-6BBD-4D82-98DA-27924D49CCEE}.Release|x86.Build.0 = Release|x86
		{FF409965-40F3-492D-A488-FEF488DD510D}.Debug|x86.ActiveCfg = Debug|x86
		{FF409965-40F3-492D-A488-FEF488DD510D}.Debug|x86.Build.0 = Debug|x86
		{FF409965-40F3-492D-A488-FEF488DD510D}.Release|x86.ActiveCfg = Release|x86
		{FF409965-40F3-492D-A488-FEF488DD510D}.Release|x86.Build.0 = Release|x86
	EndGlobalSection
	GlobalSection(MonoDevelopProperties) = preSolution
		StartupItem = cloudb\cloudb.md.csproj
	EndGlobalSection
EndGlobal
